
Microsoft Visual Studio Solution File, Format Version 12.00
# Visual Studio 15
VisualStudioVersion = 15.0.28010.2026
MinimumVisualStudioVersion = 10.0.40219.1
Project("{FAE04EC0-301F-11D3-BF4B-00C04F79EFBC}") = "ProductsStore", "ProductsStore\ProductsStore.csproj", "{E60C43A3-B53E-4A9B-92A2-28E540A95257}"
EndProject
Global
	GlobalSection(SolutionConfigurationPlatforms) = preSolution
		Debug|Any CPU = Debug|Any CPU
		Release|Any CPU = Release|Any CPU
	EndGlobalSection
	GlobalSection(ProjectConfigurationPlatforms) = postSolution
		{E60C43A3-B53E-4A9B-92A2-28E540A95257}.Debug|Any CPU.ActiveCfg = Debug|Any CPU
		{E60C43A3-B53E-4A9B-92A2-28E540A95257}.Debug|Any CPU.Build.0 = Debug|Any CPU
		{E60C43A3-B53E-4A9B-92A2-28E540A95257}.Release|Any CPU.ActiveCfg = Release|Any CPU
		{E60C43A3-B53E-4A9B-92A2-28E540A95257}.Release|Any CPU.Build.0 = Release|Any CPU
	EndGlobalSection
	GlobalSection(SolutionProperties) = preSolution
		HideSolutionNode = FALSE
	EndGlobalSection
	GlobalSection(ExtensibilityGlobals) = postSolution
		SolutionGuid = {B2411245-83A5-4AC1-9130-71754691CB63}
	EndGlobalSection
EndGlobal
