
Microsoft Visual Studio Solution File, Format Version 12.00
# Visual Studio 15
VisualStudioVersion = 15.0.28010.2026
MinimumVisualStudioVersion = 10.0.40219.1
Project("{FAE04EC0-301F-11D3-BF4B-00C04F79EFBC}") = "Shop", "Shop\Shop.csproj", "{54C91D80-2806-4579-A769-39F774D7458E}"
EndProject
Global
	GlobalSection(SolutionConfigurationPlatforms) = preSolution
		Debug|Any CPU = Debug|Any CPU
		Release|Any CPU = Release|Any CPU
	EndGlobalSection
	GlobalSection(ProjectConfigurationPlatforms) = postSolution
		{54C91D80-2806-4579-A769-39F774D7458E}.Debug|Any CPU.ActiveCfg = Debug|Any CPU
		{54C91D80-2806-4579-A769-39F774D7458E}.Debug|Any CPU.Build.0 = Debug|Any CPU
		{54C91D80-2806-4579-A769-39F774D7458E}.Release|Any CPU.ActiveCfg = Release|Any CPU
		{54C91D80-2806-4579-A769-39F774D7458E}.Release|Any CPU.Build.0 = Release|Any CPU
	EndGlobalSection
	GlobalSection(SolutionProperties) = preSolution
		HideSolutionNode = FALSE
	EndGlobalSection
	GlobalSection(ExtensibilityGlobals) = postSolution
		SolutionGuid = {6A2081BE-B4D3-4AE1-8392-BC9FE79762AD}
	EndGlobalSection
EndGlobal
